
Microsoft Visual Studio Solution File, Format Version 12.00
Project("{FAE04EC0-301F-11D3-BF4B-00C04F79EFBC}") = "ESM.API", "ESM.API\ESM.API.csproj", "{7E60D920-398E-42A6-895D-56D7F5552BD7}"
EndProject
Project("{FAE04EC0-301F-11D3-BF4B-00C04F79EFBC}") = "ESM.Data", "ESM.Data\ESM.Data.csproj", "{1A3D803D-7F5A-4F59-99F3-28FD552408D8}"
EndProject
Project("{FAE04EC0-301F-11D3-BF4B-00C04F79EFBC}") = "ESM.Domain", "ESM.Domain\ESM.Domain.csproj", "{C4D8F2CE-8EBE-4450-B961-6A3957EF2996}"
EndProject
Project("{2150E333-8FDC-42A3-9474-1A3956D46DE8}") = "Core", "Core", "{ECE22A51-C117-4D60-88BA-3F001BFD306E}"
EndProject
Project("{FAE04EC0-301F-11D3-BF4B-00C04F79EFBC}") = "ESM.API.Core", "ESM.API.Core\ESM.API.Core.csproj", "{F119C391-B995-4F80-97D0-BA00CFA4C04F}"
EndProject
Project("{FAE04EC0-301F-11D3-BF4B-00C04F79EFBC}") = "ESM.Common.Core", "ESM.Common.Core\ESM.Common.Core.csproj", "{F01DB847-661B-4785-A1A9-D27213BE3D38}"
EndProject
Project("{FAE04EC0-301F-11D3-BF4B-00C04F79EFBC}") = "ESM.Data.Core", "ESM.Data.Core\ESM.Data.Core.csproj", "{7693D755-828C-4BEB-987C-05A5C4CAB3B0}"
EndProject
Global
	GlobalSection(SolutionConfigurationPlatforms) = preSolution
		Debug|Any CPU = Debug|Any CPU
		Release|Any CPU = Release|Any CPU
	EndGlobalSection
	GlobalSection(ProjectConfigurationPlatforms) = postSolution
		{7E60D920-398E-42A6-895D-56D7F5552BD7}.Debug|Any CPU.ActiveCfg = Debug|Any CPU
		{7E60D920-398E-42A6-895D-56D7F5552BD7}.Debug|Any CPU.Build.0 = Debug|Any CPU
		{7E60D920-398E-42A6-895D-56D7F5552BD7}.Release|Any CPU.ActiveCfg = Release|Any CPU
		{7E60D920-398E-42A6-895D-56D7F5552BD7}.Release|Any CPU.Build.0 = Release|Any CPU
		{1A3D803D-7F5A-4F59-99F3-28FD552408D8}.Debug|Any CPU.ActiveCfg = Debug|Any CPU
		{1A3D803D-7F5A-4F59-99F3-28FD552408D8}.Debug|Any CPU.Build.0 = Debug|Any CPU
		{1A3D803D-7F5A-4F59-99F3-28FD552408D8}.Release|Any CPU.ActiveCfg = Release|Any CPU
		{1A3D803D-7F5A-4F59-99F3-28FD552408D8}.Release|Any CPU.Build.0 = Release|Any CPU
		{C4D8F2CE-8EBE-4450-B961-6A3957EF2996}.Debug|Any CPU.ActiveCfg = Debug|Any CPU
		{C4D8F2CE-8EBE-4450-B961-6A3957EF2996}.Debug|Any CPU.Build.0 = Debug|Any CPU
		{C4D8F2CE-8EBE-4450-B961-6A3957EF2996}.Release|Any CPU.ActiveCfg = Release|Any CPU
		{C4D8F2CE-8EBE-4450-B961-6A3957EF2996}.Release|Any CPU.Build.0 = Release|Any CPU
		{F119C391-B995-4F80-97D0-BA00CFA4C04F}.Debug|Any CPU.ActiveCfg = Debug|Any CPU
		{F119C391-B995-4F80-97D0-BA00CFA4C04F}.Debug|Any CPU.Build.0 = Debug|Any CPU
		{F119C391-B995-4F80-97D0-BA00CFA4C04F}.Release|Any CPU.ActiveCfg = Release|Any CPU
		{F119C391-B995-4F80-97D0-BA00CFA4C04F}.Release|Any CPU.Build.0 = Release|Any CPU
		{F01DB847-661B-4785-A1A9-D27213BE3D38}.Debug|Any CPU.ActiveCfg = Debug|Any CPU
		{F01DB847-661B-4785-A1A9-D27213BE3D38}.Debug|Any CPU.Build.0 = Debug|Any CPU
		{F01DB847-661B-4785-A1A9-D27213BE3D38}.Release|Any CPU.ActiveCfg = Release|Any CPU
		{F01DB847-661B-4785-A1A9-D27213BE3D38}.Release|Any CPU.Build.0 = Release|Any CPU
		{7693D755-828C-4BEB-987C-05A5C4CAB3B0}.Debug|Any CPU.ActiveCfg = Debug|Any CPU
		{7693D755-828C-4BEB-987C-05A5C4CAB3B0}.Debug|Any CPU.Build.0 = Debug|Any CPU
		{7693D755-828C-4BEB-987C-05A5C4CAB3B0}.Release|Any CPU.ActiveCfg = Release|Any CPU
		{7693D755-828C-4BEB-987C-05A5C4CAB3B0}.Release|Any CPU.Build.0 = Release|Any CPU
	EndGlobalSection
	GlobalSection(NestedProjects) = preSolution
		{F119C391-B995-4F80-97D0-BA00CFA4C04F} = {ECE22A51-C117-4D60-88BA-3F001BFD306E}
		{F01DB847-661B-4785-A1A9-D27213BE3D38} = {ECE22A51-C117-4D60-88BA-3F001BFD306E}
		{7693D755-828C-4BEB-987C-05A5C4CAB3B0} = {ECE22A51-C117-4D60-88BA-3F001BFD306E}
	EndGlobalSection
EndGlobal
