
Microsoft Visual Studio Solution File, Format Version 12.00
Project("{FAE04EC0-301F-11D3-BF4B-00C04F79EFBC}") = "ESM.Presentation", "ESM.Presentation\ESM.Presentation.csproj", "{7E60D920-398E-42A6-895D-56D7F5552BD7}"
EndProject
Project("{FAE04EC0-301F-11D3-BF4B-00C04F79EFBC}") = "ESM.Domain", "ESM.Domain\ESM.Domain.csproj", "{C4D8F2CE-8EBE-4450-B961-6A3957EF2996}"
EndProject
Project("{FAE04EC0-301F-11D3-BF4B-00C04F79EFBC}") = "Scripts", "Scripts\Scripts.csproj", "{07170F33-CB32-4D3A-BCAD-563597A759AE}"
EndProject
Project("{FAE04EC0-301F-11D3-BF4B-00C04F79EFBC}") = "ESM.Infrastructure", "ESM.Infrastructure\ESM.Infrastructure.csproj", "{096D89D7-5845-497C-8DB5-ACE053A51BCF}"
EndProject
Project("{FAE04EC0-301F-11D3-BF4B-00C04F79EFBC}") = "ESM.Application", "ESM.Application\ESM.Application.csproj", "{B9E34981-631E-456E-BD71-DBFB9A997203}"
EndProject
Global
	GlobalSection(SolutionConfigurationPlatforms) = preSolution
		Debug|Any CPU = Debug|Any CPU
		Release|Any CPU = Release|Any CPU
	EndGlobalSection
	GlobalSection(ProjectConfigurationPlatforms) = postSolution
		{7E60D920-398E-42A6-895D-56D7F5552BD7}.Debug|Any CPU.ActiveCfg = Debug|Any CPU
		{7E60D920-398E-42A6-895D-56D7F5552BD7}.Debug|Any CPU.Build.0 = Debug|Any CPU
		{7E60D920-398E-42A6-895D-56D7F5552BD7}.Release|Any CPU.ActiveCfg = Release|Any CPU
		{7E60D920-398E-42A6-895D-56D7F5552BD7}.Release|Any CPU.Build.0 = Release|Any CPU
		{C4D8F2CE-8EBE-4450-B961-6A3957EF2996}.Debug|Any CPU.ActiveCfg = Debug|Any CPU
		{C4D8F2CE-8EBE-4450-B961-6A3957EF2996}.Debug|Any CPU.Build.0 = Debug|Any CPU
		{C4D8F2CE-8EBE-4450-B961-6A3957EF2996}.Release|Any CPU.ActiveCfg = Release|Any CPU
		{C4D8F2CE-8EBE-4450-B961-6A3957EF2996}.Release|Any CPU.Build.0 = Release|Any CPU
		{07170F33-CB32-4D3A-BCAD-563597A759AE}.Debug|Any CPU.ActiveCfg = Debug|Any CPU
		{07170F33-CB32-4D3A-BCAD-563597A759AE}.Debug|Any CPU.Build.0 = Debug|Any CPU
		{07170F33-CB32-4D3A-BCAD-563597A759AE}.Release|Any CPU.ActiveCfg = Release|Any CPU
		{07170F33-CB32-4D3A-BCAD-563597A759AE}.Release|Any CPU.Build.0 = Release|Any CPU
		{096D89D7-5845-497C-8DB5-ACE053A51BCF}.Debug|Any CPU.ActiveCfg = Debug|Any CPU
		{096D89D7-5845-497C-8DB5-ACE053A51BCF}.Debug|Any CPU.Build.0 = Debug|Any CPU
		{096D89D7-5845-497C-8DB5-ACE053A51BCF}.Release|Any CPU.ActiveCfg = Release|Any CPU
		{096D89D7-5845-497C-8DB5-ACE053A51BCF}.Release|Any CPU.Build.0 = Release|Any CPU
		{B9E34981-631E-456E-BD71-DBFB9A997203}.Debug|Any CPU.ActiveCfg = Debug|Any CPU
		{B9E34981-631E-456E-BD71-DBFB9A997203}.Debug|Any CPU.Build.0 = Debug|Any CPU
		{B9E34981-631E-456E-BD71-DBFB9A997203}.Release|Any CPU.ActiveCfg = Release|Any CPU
		{B9E34981-631E-456E-BD71-DBFB9A997203}.Release|Any CPU.Build.0 = Release|Any CPU
	EndGlobalSection
	GlobalSection(NestedProjects) = preSolution
	EndGlobalSection
EndGlobal
